
Microsoft Visual Studio Solution File, Format Version 12.00
# Visual Studio 15
VisualStudioVersion = 15.0.26730.16
MinimumVisualStudioVersion = 10.0.40219.1
Project("{FAE04EC0-301F-11D3-BF4B-00C04F79EFBC}") = "operator", "operator\operator.csproj", "{BFBBA655-456B-4AD1-9F79-7D7E9E7E9CAC}"
EndProject
Global
	GlobalSection(SolutionConfigurationPlatforms) = preSolution
		Debug|Any CPU = Debug|Any CPU
		Release|Any CPU = Release|Any CPU
	EndGlobalSection
	GlobalSection(ProjectConfigurationPlatforms) = postSolution
		{BFBBA655-456B-4AD1-9F79-7D7E9E7E9CAC}.Debug|Any CPU.ActiveCfg = Debug|Any CPU
		{BFBBA655-456B-4AD1-9F79-7D7E9E7E9CAC}.Debug|Any CPU.Build.0 = Debug|Any CPU
		{BFBBA655-456B-4AD1-9F79-7D7E9E7E9CAC}.Release|Any CPU.ActiveCfg = Release|Any CPU
		{BFBBA655-456B-4AD1-9F79-7D7E9E7E9CAC}.Release|Any CPU.Build.0 = Release|Any CPU
	EndGlobalSection
	GlobalSection(SolutionProperties) = preSolution
		HideSolutionNode = FALSE
	EndGlobalSection
	GlobalSection(ExtensibilityGlobals) = postSolution
		SolutionGuid = {DC455AE0-20E3-456A-9390-A2BB844969B7}
	EndGlobalSection
EndGlobal
